
Microsoft Visual Studio Solution File, Format Version 12.00
# Visual Studio Version 17
VisualStudioVersion = 17.2.32630.192
MinimumVisualStudioVersion = 10.0.40219.1
Project("{8BC9CEB8-8B4A-11D0-8D11-00A0C91BC942}") = "Actividad04", "Actividad04.vcxproj", "{BD865640-C268-4791-B6D0-E09857099B94}"
EndProject
Global
	GlobalSection(SolutionConfigurationPlatforms) = preSolution
		Debug|x64 = Debug|x64
		Debug|x86 = Debug|x86
		Release|x64 = Release|x64
		Release|x86 = Release|x86
	EndGlobalSection
	GlobalSection(ProjectConfigurationPlatforms) = postSolution
		{BD865640-C268-4791-B6D0-E09857099B94}.Debug|x64.ActiveCfg = Debug|x64
		{BD865640-C268-4791-B6D0-E09857099B94}.Debug|x64.Build.0 = Debug|x64
		{BD865640-C268-4791-B6D0-E09857099B94}.Debug|x86.ActiveCfg = Debug|Win32
		{BD865640-C268-4791-B6D0-E09857099B94}.Debug|x86.Build.0 = Debug|Win32
		{BD865640-C268-4791-B6D0-E09857099B94}.Release|x64.ActiveCfg = Release|x64
		{BD865640-C268-4791-B6D0-E09857099B94}.Release|x64.Build.0 = Release|x64
		{BD865640-C268-4791-B6D0-E09857099B94}.Release|x86.ActiveCfg = Release|Win32
		{BD865640-C268-4791-B6D0-E09857099B94}.Release|x86.Build.0 = Release|Win32
	EndGlobalSection
	GlobalSection(SolutionProperties) = preSolution
		HideSolutionNode = FALSE
	EndGlobalSection
	GlobalSection(ExtensibilityGlobals) = postSolution
		SolutionGuid = {638DA453-60A3-4B6E-AC3F-08F73211622E}
	EndGlobalSection
EndGlobal
